
Microsoft Visual Studio Solution File, Format Version 12.00
# Visual Studio Version 16
VisualStudioVersion = 16.0.30011.22
MinimumVisualStudioVersion = 10.0.40219.1
Project("{FAE04EC0-301F-11D3-BF4B-00C04F79EFBC}") = "MiniCompiler", "MiniCompiler\MiniCompiler.csproj", "{42FC96AA-6F9A-4B3B-8B99-7005CDD61011}"
EndProject
Project("{FAE04EC0-301F-11D3-BF4B-00C04F79EFBC}") = "MiniCompilerTests", "MiniCompilerTests\MiniCompilerTests.csproj", "{4AEE6D31-26E1-4790-8DE4-496029C98F4F}"
EndProject
Project("{FAE04EC0-301F-11D3-BF4B-00C04F79EFBC}") = "SyntaxAnalysis", "SyntaxAnalysis\SyntaxAnalysis.csproj", "{8897C28A-CAE7-4FFC-ADC0-62F3F610F508}"
EndProject
Global
	GlobalSection(SolutionConfigurationPlatforms) = preSolution
		Debug|Any CPU = Debug|Any CPU
		Release|Any CPU = Release|Any CPU
	EndGlobalSection
	GlobalSection(ProjectConfigurationPlatforms) = postSolution
		{42FC96AA-6F9A-4B3B-8B99-7005CDD61011}.Debug|Any CPU.ActiveCfg = Debug|Any CPU
		{42FC96AA-6F9A-4B3B-8B99-7005CDD61011}.Debug|Any CPU.Build.0 = Debug|Any CPU
		{42FC96AA-6F9A-4B3B-8B99-7005CDD61011}.Release|Any CPU.ActiveCfg = Release|Any CPU
		{42FC96AA-6F9A-4B3B-8B99-7005CDD61011}.Release|Any CPU.Build.0 = Release|Any CPU
		{4AEE6D31-26E1-4790-8DE4-496029C98F4F}.Debug|Any CPU.ActiveCfg = Debug|Any CPU
		{4AEE6D31-26E1-4790-8DE4-496029C98F4F}.Debug|Any CPU.Build.0 = Debug|Any CPU
		{4AEE6D31-26E1-4790-8DE4-496029C98F4F}.Release|Any CPU.ActiveCfg = Release|Any CPU
		{4AEE6D31-26E1-4790-8DE4-496029C98F4F}.Release|Any CPU.Build.0 = Release|Any CPU
		{8897C28A-CAE7-4FFC-ADC0-62F3F610F508}.Debug|Any CPU.ActiveCfg = Debug|Any CPU
		{8897C28A-CAE7-4FFC-ADC0-62F3F610F508}.Debug|Any CPU.Build.0 = Debug|Any CPU
		{8897C28A-CAE7-4FFC-ADC0-62F3F610F508}.Release|Any CPU.ActiveCfg = Release|Any CPU
		{8897C28A-CAE7-4FFC-ADC0-62F3F610F508}.Release|Any CPU.Build.0 = Release|Any CPU
	EndGlobalSection
	GlobalSection(SolutionProperties) = preSolution
		HideSolutionNode = FALSE
	EndGlobalSection
	GlobalSection(ExtensibilityGlobals) = postSolution
		SolutionGuid = {54107C24-9537-4F39-AD20-B6A6C85F6376}
	EndGlobalSection
EndGlobal
